// !$*UTF8*$!
{
	archiveVersion = 1;
	classes = {
	};
	objectVersion = 46;
	objects = {

/* Begin PBXBuildFile section */
		5B16063716F6753E009FEA23 /* GreyHeartPodcast.png in Resources */ = {isa = PBXBuildFile; fileRef = 5B16063016F6753E009FEA23 /* GreyHeartPodcast.png */; };
		5B16063816F6753E009FEA23 /* GreyHeartPodcast@2x.png in Resources */ = {isa = PBXBuildFile; fileRef = 5B16063116F6753E009FEA23 /* GreyHeartPodcast@2x.png */; };
		5B16063916F6753E009FEA23 /* Playback@2x.png in Resources */ = {isa = PBXBuildFile; fileRef = 5B16063216F6753E009FEA23 /* Playback@2x.png */; };
		5B16063A16F6753E009FEA23 /* RedHeartPodcast.png in Resources */ = {isa = PBXBuildFile; fileRef = 5B16063316F6753E009FEA23 /* RedHeartPodcast.png */; };
		5B16063B16F6753E009FEA23 /* RedHeartPodcast@2x.png in Resources */ = {isa = PBXBuildFile; fileRef = 5B16063416F6753E009FEA23 /* RedHeartPodcast@2x.png */; };
		5B16063C16F6753E009FEA23 /* Thumb.png in Resources */ = {isa = PBXBuildFile; fileRef = 5B16063516F6753E009FEA23 /* Thumb.png */; };
		5B16063D16F6753E009FEA23 /* Thumb@2x.png in Resources */ = {isa = PBXBuildFile; fileRef = 5B16063616F6753E009FEA23 /* Thumb@2x.png */; };
		5B16064216F676A3009FEA23 /* MaxSlider.png in Resources */ = {isa = PBXBuildFile; fileRef = 5B16063E16F676A3009FEA23 /* MaxSlider.png */; };
		5B16064316F676A3009FEA23 /* MaxSlider@2x.png in Resources */ = {isa = PBXBuildFile; fileRef = 5B16063F16F676A3009FEA23 /* MaxSlider@2x.png */; };
		5B16064416F676A3009FEA23 /* MinSlider.png in Resources */ = {isa = PBXBuildFile; fileRef = 5B16064016F676A3009FEA23 /* MinSlider.png */; };
		5B16064516F676A3009FEA23 /* MinSlider@2x.png in Resources */ = {isa = PBXBuildFile; fileRef = 5B16064116F676A3009FEA23 /* MinSlider@2x.png */; };
		5B16064716F80707009FEA23 /* Playback.png in Resources */ = {isa = PBXBuildFile; fileRef = 5B16064616F80707009FEA23 /* Playback.png */; };
		5B1CD1E416FBF34A00D7D81F /* UIKitCategories.m in Sources */ = {isa = PBXBuildFile; fileRef = 5B1CD1E316FBF34A00D7D81F /* UIKitCategories.m */; };
		5B1CD1E716FCA8FF00D7D81F /* UIViewController+SeethroughModalView.m in Sources */ = {isa = PBXBuildFile; fileRef = 5B1CD1E616FCA8FF00D7D81F /* UIViewController+SeethroughModalView.m */; };
		5B1CD1EA16FCAF0C00D7D81F /* UIImage+IAPImageTools.m in Sources */ = {isa = PBXBuildFile; fileRef = 5B1CD1E916FCAF0C00D7D81F /* UIImage+IAPImageTools.m */; };
		5B23F52C16FBA3B2004DA301 /* Social.framework in Frameworks */ = {isa = PBXBuildFile; fileRef = 5B23F52B16FBA3B2004DA301 /* Social.framework */; };
		5BD5496916ED636600ED7695 /* UIKit.framework in Frameworks */ = {isa = PBXBuildFile; fileRef = 5BD5496816ED636600ED7695 /* UIKit.framework */; };
		5BD5496B16ED636600ED7695 /* Foundation.framework in Frameworks */ = {isa = PBXBuildFile; fileRef = 5BD5496A16ED636600ED7695 /* Foundation.framework */; };
		5BD5496D16ED636600ED7695 /* CoreGraphics.framework in Frameworks */ = {isa = PBXBuildFile; fileRef = 5BD5496C16ED636600ED7695 /* CoreGraphics.framework */; };
		5BD5497316ED636600ED7695 /* InfoPlist.strings in Resources */ = {isa = PBXBuildFile; fileRef = 5BD5497116ED636600ED7695 /* InfoPlist.strings */; };
		5BD5497516ED636600ED7695 /* main.m in Sources */ = {isa = PBXBuildFile; fileRef = 5BD5497416ED636600ED7695 /* main.m */; };
		5BD5497916ED636700ED7695 /* AppDelegate.m in Sources */ = {isa = PBXBuildFile; fileRef = 5BD5497816ED636700ED7695 /* AppDelegate.m */; };
		5BD5497B16ED636700ED7695 /* Default.png in Resources */ = {isa = PBXBuildFile; fileRef = 5BD5497A16ED636700ED7695 /* Default.png */; };
		5BD5497D16ED636700ED7695 /* Default@2x.png in Resources */ = {isa = PBXBuildFile; fileRef = 5BD5497C16ED636700ED7695 /* Default@2x.png */; };
		5BD5497F16ED636700ED7695 /* Default-568h@2x.png in Resources */ = {isa = PBXBuildFile; fileRef = 5BD5497E16ED636700ED7695 /* Default-568h@2x.png */; };
		5BD5498216ED636700ED7695 /* ViewController.m in Sources */ = {isa = PBXBuildFile; fileRef = 5BD5498116ED636700ED7695 /* ViewController.m */; };
		5BD5498516ED636700ED7695 /* ViewController.xib in Resources */ = {isa = PBXBuildFile; fileRef = 5BD5498316ED636700ED7695 /* ViewController.xib */; };
		5BD5498C16ED639000ED7695 /* IAPPlaybackSlider.xib in Resources */ = {isa = PBXBuildFile; fileRef = 5BD5498B16ED639000ED7695 /* IAPPlaybackSlider.xib */; };
		5BD5498E16ED645A00ED7695 /* twitter.png in Resources */ = {isa = PBXBuildFile; fileRef = 5BD5498D16ED645A00ED7695 /* twitter.png */; };
		5BD5499016ED646400ED7695 /* facebook.png in Resources */ = {isa = PBXBuildFile; fileRef = 5BD5498F16ED646400ED7695 /* facebook.png */; };
		5BD5499216ED647D00ED7695 /* play.png in Resources */ = {isa = PBXBuildFile; fileRef = 5BD5499116ED647D00ED7695 /* play.png */; };
		5BD5499416ED648A00ED7695 /* pause.png in Resources */ = {isa = PBXBuildFile; fileRef = 5BD5499316ED648A00ED7695 /* pause.png */; };
		5BD5499716ED65D000ED7695 /* IAPPlaybackSlider.m in Sources */ = {isa = PBXBuildFile; fileRef = 5BD5499616ED65D000ED7695 /* IAPPlaybackSlider.m */; };
		5BD5499B16ED6A0300ED7695 /* UIView+IAPAnimation.m in Sources */ = {isa = PBXBuildFile; fileRef = 5BD5499916ED69AA00ED7695 /* UIView+IAPAnimation.m */; };
		5BD5499D16ED6AC800ED7695 /* QuartzCore.framework in Frameworks */ = {isa = PBXBuildFile; fileRef = 5BD5499C16ED6AC800ED7695 /* QuartzCore.framework */; };
/* End PBXBuildFile section */

/* Begin PBXFileReference section */
		5B16063016F6753E009FEA23 /* GreyHeartPodcast.png */ = {isa = PBXFileReference; lastKnownFileType = image.png; path = GreyHeartPodcast.png; sourceTree = "<group>"; };
		5B16063116F6753E009FEA23 /* GreyHeartPodcast@2x.png */ = {isa = PBXFileReference; lastKnownFileType = image.png; path = "GreyHeartPodcast@2x.png"; sourceTree = "<group>"; };
		5B16063216F6753E009FEA23 /* Playback@2x.png */ = {isa = PBXFileReference; lastKnownFileType = image.png; path = "Playback@2x.png"; sourceTree = "<group>"; };
		5B16063316F6753E009FEA23 /* RedHeartPodcast.png */ = {isa = PBXFileReference; lastKnownFileType = image.png; path = RedHeartPodcast.png; sourceTree = "<group>"; };
		5B16063416F6753E009FEA23 /* RedHeartPodcast@2x.png */ = {isa = PBXFileReference; lastKnownFileType = image.png; path = "RedHeartPodcast@2x.png"; sourceTree = "<group>"; };
		5B16063516F6753E009FEA23 /* Thumb.png */ = {isa = PBXFileReference; lastKnownFileType = image.png; path = Thumb.png; sourceTree = "<group>"; };
		5B16063616F6753E009FEA23 /* Thumb@2x.png */ = {isa = PBXFileReference; lastKnownFileType = image.png; path = "Thumb@2x.png"; sourceTree = "<group>"; };
		5B16063E16F676A3009FEA23 /* MaxSlider.png */ = {isa = PBXFileReference; lastKnownFileType = image.png; path = MaxSlider.png; sourceTree = "<group>"; };
		5B16063F16F676A3009FEA23 /* MaxSlider@2x.png */ = {isa = PBXFileReference; lastKnownFileType = image.png; path = "MaxSlider@2x.png"; sourceTree = "<group>"; };
		5B16064016F676A3009FEA23 /* MinSlider.png */ = {isa = PBXFileReference; lastKnownFileType = image.png; path = MinSlider.png; sourceTree = "<group>"; };
		5B16064116F676A3009FEA23 /* MinSlider@2x.png */ = {isa = PBXFileReference; lastKnownFileType = image.png; path = "MinSlider@2x.png"; sourceTree = "<group>"; };
		5B16064616F80707009FEA23 /* Playback.png */ = {isa = PBXFileReference; lastKnownFileType = image.png; path = Playback.png; sourceTree = "<group>"; };
		5B1CD1E216FBF34A00D7D81F /* UIKitCategories.h */ = {isa = PBXFileReference; fileEncoding = 4; lastKnownFileType = sourcecode.c.h; path = UIKitCategories.h; sourceTree = "<group>"; };
		5B1CD1E316FBF34A00D7D81F /* UIKitCategories.m */ = {isa = PBXFileReference; fileEncoding = 4; lastKnownFileType = sourcecode.c.objc; path = UIKitCategories.m; sourceTree = "<group>"; };
		5B1CD1E516FCA8FF00D7D81F /* UIViewController+SeethroughModalView.h */ = {isa = PBXFileReference; fileEncoding = 4; lastKnownFileType = sourcecode.c.h; path = "UIViewController+SeethroughModalView.h"; sourceTree = "<group>"; };
		5B1CD1E616FCA8FF00D7D81F /* UIViewController+SeethroughModalView.m */ = {isa = PBXFileReference; fileEncoding = 4; lastKnownFileType = sourcecode.c.objc; path = "UIViewController+SeethroughModalView.m"; sourceTree = "<group>"; };
		5B1CD1E816FCAF0C00D7D81F /* UIImage+IAPImageTools.h */ = {isa = PBXFileReference; fileEncoding = 4; lastKnownFileType = sourcecode.c.h; path = "UIImage+IAPImageTools.h"; sourceTree = "<group>"; };
		5B1CD1E916FCAF0C00D7D81F /* UIImage+IAPImageTools.m */ = {isa = PBXFileReference; fileEncoding = 4; lastKnownFileType = sourcecode.c.objc; path = "UIImage+IAPImageTools.m"; sourceTree = "<group>"; };
		5B23F52B16FBA3B2004DA301 /* Social.framework */ = {isa = PBXFileReference; lastKnownFileType = wrapper.framework; name = Social.framework; path = System/Library/Frameworks/Social.framework; sourceTree = SDKROOT; };
		5BD5496516ED636600ED7695 /* IAPPlaybackAnimatedSlider.app */ = {isa = PBXFileReference; explicitFileType = wrapper.application; includeInIndex = 0; path = IAPPlaybackAnimatedSlider.app; sourceTree = BUILT_PRODUCTS_DIR; };
		5BD5496816ED636600ED7695 /* UIKit.framework */ = {isa = PBXFileReference; lastKnownFileType = wrapper.framework; name = UIKit.framework; path = System/Library/Frameworks/UIKit.framework; sourceTree = SDKROOT; };
		5BD5496A16ED636600ED7695 /* Foundation.framework */ = {isa = PBXFileReference; lastKnownFileType = wrapper.framework; name = Foundation.framework; path = System/Library/Frameworks/Foundation.framework; sourceTree = SDKROOT; };
		5BD5496C16ED636600ED7695 /* CoreGraphics.framework */ = {isa = PBXFileReference; lastKnownFileType = wrapper.framework; name = CoreGraphics.framework; path = System/Library/Frameworks/CoreGraphics.framework; sourceTree = SDKROOT; };
		5BD5497016ED636600ED7695 /* IAPPlaybackAnimatedSlider-Info.plist */ = {isa = PBXFileReference; lastKnownFileType = text.plist.xml; path = "IAPPlaybackAnimatedSlider-Info.plist"; sourceTree = "<group>"; };
		5BD5497216ED636600ED7695 /* en */ = {isa = PBXFileReference; lastKnownFileType = text.plist.strings; name = en; path = en.lproj/InfoPlist.strings; sourceTree = "<group>"; };
		5BD5497416ED636600ED7695 /* main.m */ = {isa = PBXFileReference; lastKnownFileType = sourcecode.c.objc; path = main.m; sourceTree = "<group>"; };
		5BD5497616ED636600ED7695 /* IAPPlaybackAnimatedSlider-Prefix.pch */ = {isa = PBXFileReference; lastKnownFileType = sourcecode.c.h; path = "IAPPlaybackAnimatedSlider-Prefix.pch"; sourceTree = "<group>"; };
		5BD5497716ED636700ED7695 /* AppDelegate.h */ = {isa = PBXFileReference; lastKnownFileType = sourcecode.c.h; path = AppDelegate.h; sourceTree = "<group>"; };
		5BD5497816ED636700ED7695 /* AppDelegate.m */ = {isa = PBXFileReference; lastKnownFileType = sourcecode.c.objc; path = AppDelegate.m; sourceTree = "<group>"; };
		5BD5497A16ED636700ED7695 /* Default.png */ = {isa = PBXFileReference; lastKnownFileType = image.png; path = Default.png; sourceTree = "<group>"; };
		5BD5497C16ED636700ED7695 /* Default@2x.png */ = {isa = PBXFileReference; lastKnownFileType = image.png; path = "Default@2x.png"; sourceTree = "<group>"; };
		5BD5497E16ED636700ED7695 /* Default-568h@2x.png */ = {isa = PBXFileReference; lastKnownFileType = image.png; path = "Default-568h@2x.png"; sourceTree = "<group>"; };
		5BD5498016ED636700ED7695 /* ViewController.h */ = {isa = PBXFileReference; lastKnownFileType = sourcecode.c.h; path = ViewController.h; sourceTree = "<group>"; };
		5BD5498116ED636700ED7695 /* ViewController.m */ = {isa = PBXFileReference; lastKnownFileType = sourcecode.c.objc; path = ViewController.m; sourceTree = "<group>"; };
		5BD5498416ED636700ED7695 /* en */ = {isa = PBXFileReference; lastKnownFileType = file.xib; name = en; path = en.lproj/ViewController.xib; sourceTree = "<group>"; };
		5BD5498B16ED639000ED7695 /* IAPPlaybackSlider.xib */ = {isa = PBXFileReference; fileEncoding = 4; lastKnownFileType = file.xib; path = IAPPlaybackSlider.xib; sourceTree = "<group>"; };
		5BD5498D16ED645A00ED7695 /* twitter.png */ = {isa = PBXFileReference; lastKnownFileType = image.png; path = twitter.png; sourceTree = "<group>"; };
		5BD5498F16ED646400ED7695 /* facebook.png */ = {isa = PBXFileReference; lastKnownFileType = image.png; path = facebook.png; sourceTree = "<group>"; };
		5BD5499116ED647D00ED7695 /* play.png */ = {isa = PBXFileReference; lastKnownFileType = image.png; path = play.png; sourceTree = "<group>"; };
		5BD5499316ED648A00ED7695 /* pause.png */ = {isa = PBXFileReference; lastKnownFileType = image.png; path = pause.png; sourceTree = "<group>"; };
		5BD5499516ED65D000ED7695 /* IAPPlaybackSlider.h */ = {isa = PBXFileReference; fileEncoding = 4; lastKnownFileType = sourcecode.c.h; path = IAPPlaybackSlider.h; sourceTree = "<group>"; };
		5BD5499616ED65D000ED7695 /* IAPPlaybackSlider.m */ = {isa = PBXFileReference; fileEncoding = 4; lastKnownFileType = sourcecode.c.objc; path = IAPPlaybackSlider.m; sourceTree = "<group>"; };
		5BD5499816ED69AA00ED7695 /* UIView+IAPAnimation.h */ = {isa = PBXFileReference; lastKnownFileType = sourcecode.c.h; path = "UIView+IAPAnimation.h"; sourceTree = "<group>"; };
		5BD5499916ED69AA00ED7695 /* UIView+IAPAnimation.m */ = {isa = PBXFileReference; lastKnownFileType = sourcecode.c.objc; path = "UIView+IAPAnimation.m"; sourceTree = "<group>"; };
		5BD5499C16ED6AC800ED7695 /* QuartzCore.framework */ = {isa = PBXFileReference; lastKnownFileType = wrapper.framework; name = QuartzCore.framework; path = System/Library/Frameworks/QuartzCore.framework; sourceTree = SDKROOT; };
/* End PBXFileReference section */

/* Begin PBXFrameworksBuildPhase section */
		5BD5496216ED636600ED7695 /* Frameworks */ = {
			isa = PBXFrameworksBuildPhase;
			buildActionMask = 2147483647;
			files = (
				5B23F52C16FBA3B2004DA301 /* Social.framework in Frameworks */,
				5BD5499D16ED6AC800ED7695 /* QuartzCore.framework in Frameworks */,
				5BD5496916ED636600ED7695 /* UIKit.framework in Frameworks */,
				5BD5496B16ED636600ED7695 /* Foundation.framework in Frameworks */,
				5BD5496D16ED636600ED7695 /* CoreGraphics.framework in Frameworks */,
			);
			runOnlyForDeploymentPostprocessing = 0;
		};
/* End PBXFrameworksBuildPhase section */

/* Begin PBXGroup section */
		5BD5495C16ED636600ED7695 = {
			isa = PBXGroup;
			children = (
				5B1CD1E216FBF34A00D7D81F /* UIKitCategories.h */,
				5B1CD1E316FBF34A00D7D81F /* UIKitCategories.m */,
				5B23F52B16FBA3B2004DA301 /* Social.framework */,
				5BD5499C16ED6AC800ED7695 /* QuartzCore.framework */,
				5BD5496E16ED636600ED7695 /* IAPPlaybackAnimatedSlider */,
				5BD5496716ED636600ED7695 /* Frameworks */,
				5BD5496616ED636600ED7695 /* Products */,
			);
			sourceTree = "<group>";
		};
		5BD5496616ED636600ED7695 /* Products */ = {
			isa = PBXGroup;
			children = (
				5BD5496516ED636600ED7695 /* IAPPlaybackAnimatedSlider.app */,
			);
			name = Products;
			sourceTree = "<group>";
		};
		5BD5496716ED636600ED7695 /* Frameworks */ = {
			isa = PBXGroup;
			children = (
				5BD5496816ED636600ED7695 /* UIKit.framework */,
				5BD5496A16ED636600ED7695 /* Foundation.framework */,
				5BD5496C16ED636600ED7695 /* CoreGraphics.framework */,
			);
			name = Frameworks;
			sourceTree = "<group>";
		};
		5BD5496E16ED636600ED7695 /* IAPPlaybackAnimatedSlider */ = {
			isa = PBXGroup;
			children = (
				5BD5497716ED636700ED7695 /* AppDelegate.h */,
				5BD5497816ED636700ED7695 /* AppDelegate.m */,
				5BD5498016ED636700ED7695 /* ViewController.h */,
				5BD5498116ED636700ED7695 /* ViewController.m */,
				5BD5499816ED69AA00ED7695 /* UIView+IAPAnimation.h */,
				5BD5499916ED69AA00ED7695 /* UIView+IAPAnimation.m */,
				5BD5498316ED636700ED7695 /* ViewController.xib */,
				5BD5498B16ED639000ED7695 /* IAPPlaybackSlider.xib */,
				5BD5499516ED65D000ED7695 /* IAPPlaybackSlider.h */,
				5BD5499616ED65D000ED7695 /* IAPPlaybackSlider.m */,
				5B1CD1E816FCAF0C00D7D81F /* UIImage+IAPImageTools.h */,
				5B1CD1E916FCAF0C00D7D81F /* UIImage+IAPImageTools.m */,
				5B1CD1E516FCA8FF00D7D81F /* UIViewController+SeethroughModalView.h */,
				5B1CD1E616FCA8FF00D7D81F /* UIViewController+SeethroughModalView.m */,
				5B16063016F6753E009FEA23 /* GreyHeartPodcast.png */,
				5B16063116F6753E009FEA23 /* GreyHeartPodcast@2x.png */,
				5B16064616F80707009FEA23 /* Playback.png */,
				5B16063216F6753E009FEA23 /* Playback@2x.png */,
				5B16063316F6753E009FEA23 /* RedHeartPodcast.png */,
				5B16063416F6753E009FEA23 /* RedHeartPodcast@2x.png */,
				5B16063516F6753E009FEA23 /* Thumb.png */,
				5B16063616F6753E009FEA23 /* Thumb@2x.png */,
				5B16063E16F676A3009FEA23 /* MaxSlider.png */,
				5B16063F16F676A3009FEA23 /* MaxSlider@2x.png */,
				5B16064016F676A3009FEA23 /* MinSlider.png */,
				5B16064116F676A3009FEA23 /* MinSlider@2x.png */,
				5BD5499116ED647D00ED7695 /* play.png */,
				5BD5499316ED648A00ED7695 /* pause.png */,
				5BD5498D16ED645A00ED7695 /* twitter.png */,
				5BD5498F16ED646400ED7695 /* facebook.png */,
				5BD5496F16ED636600ED7695 /* Supporting Files */,
			);
			path = IAPPlaybackAnimatedSlider;
			sourceTree = "<group>";
		};
		5BD5496F16ED636600ED7695 /* Supporting Files */ = {
			isa = PBXGroup;
			children = (
				5BD5497016ED636600ED7695 /* IAPPlaybackAnimatedSlider-Info.plist */,
				5BD5497116ED636600ED7695 /* InfoPlist.strings */,
				5BD5497416ED636600ED7695 /* main.m */,
				5BD5497616ED636600ED7695 /* IAPPlaybackAnimatedSlider-Prefix.pch */,
				5BD5497A16ED636700ED7695 /* Default.png */,
				5BD5497C16ED636700ED7695 /* Default@2x.png */,
				5BD5497E16ED636700ED7695 /* Default-568h@2x.png */,
			);
			name = "Supporting Files";
			sourceTree = "<group>";
		};
/* End PBXGroup section */

/* Begin PBXNativeTarget section */
		5BD5496416ED636600ED7695 /* IAPPlaybackAnimatedSlider */ = {
			isa = PBXNativeTarget;
			buildConfigurationList = 5BD5498816ED636700ED7695 /* Build configuration list for PBXNativeTarget "IAPPlaybackAnimatedSlider" */;
			buildPhases = (
				5BD5496116ED636600ED7695 /* Sources */,
				5BD5496216ED636600ED7695 /* Frameworks */,
				5BD5496316ED636600ED7695 /* Resources */,
			);
			buildRules = (
			);
			dependencies = (
			);
			name = IAPPlaybackAnimatedSlider;
			productName = IAPPlaybackAnimatedSlider;
			productReference = 5BD5496516ED636600ED7695 /* IAPPlaybackAnimatedSlider.app */;
			productType = "com.apple.product-type.application";
		};
/* End PBXNativeTarget section */

/* Begin PBXProject section */
		5BD5495D16ED636600ED7695 /* Project object */ = {
			isa = PBXProject;
			attributes = {
				LastUpgradeCheck = 0460;
				ORGANIZATIONNAME = "Esteban Uribe";
			};
			buildConfigurationList = 5BD5496016ED636600ED7695 /* Build configuration list for PBXProject "IAPPlaybackAnimatedSlider" */;
			compatibilityVersion = "Xcode 3.2";
			developmentRegion = English;
			hasScannedForEncodings = 0;
			knownRegions = (
				en,
			);
			mainGroup = 5BD5495C16ED636600ED7695;
			productRefGroup = 5BD5496616ED636600ED7695 /* Products */;
			projectDirPath = "";
			projectRoot = "";
			targets = (
				5BD5496416ED636600ED7695 /* IAPPlaybackAnimatedSlider */,
			);
		};
/* End PBXProject section */

/* Begin PBXResourcesBuildPhase section */
		5BD5496316ED636600ED7695 /* Resources */ = {
			isa = PBXResourcesBuildPhase;
			buildActionMask = 2147483647;
			files = (
				5BD5497316ED636600ED7695 /* InfoPlist.strings in Resources */,
				5BD5497B16ED636700ED7695 /* Default.png in Resources */,
				5BD5497D16ED636700ED7695 /* Default@2x.png in Resources */,
				5BD5497F16ED636700ED7695 /* Default-568h@2x.png in Resources */,
				5BD5498516ED636700ED7695 /* ViewController.xib in Resources */,
				5BD5498C16ED639000ED7695 /* IAPPlaybackSlider.xib in Resources */,
				5BD5498E16ED645A00ED7695 /* twitter.png in Resources */,
				5BD5499016ED646400ED7695 /* facebook.png in Resources */,
				5BD5499216ED647D00ED7695 /* play.png in Resources */,
				5BD5499416ED648A00ED7695 /* pause.png in Resources */,
				5B16063716F6753E009FEA23 /* GreyHeartPodcast.png in Resources */,
				5B16063816F6753E009FEA23 /* GreyHeartPodcast@2x.png in Resources */,
				5B16063916F6753E009FEA23 /* Playback@2x.png in Resources */,
				5B16063A16F6753E009FEA23 /* RedHeartPodcast.png in Resources */,
				5B16063B16F6753E009FEA23 /* RedHeartPodcast@2x.png in Resources */,
				5B16063C16F6753E009FEA23 /* Thumb.png in Resources */,
				5B16063D16F6753E009FEA23 /* Thumb@2x.png in Resources */,
				5B16064216F676A3009FEA23 /* MaxSlider.png in Resources */,
				5B16064316F676A3009FEA23 /* MaxSlider@2x.png in Resources */,
				5B16064416F676A3009FEA23 /* MinSlider.png in Resources */,
				5B16064516F676A3009FEA23 /* MinSlider@2x.png in Resources */,
				5B16064716F80707009FEA23 /* Playback.png in Resources */,
			);
			runOnlyForDeploymentPostprocessing = 0;
		};
/* End PBXResourcesBuildPhase section */

/* Begin PBXSourcesBuildPhase section */
		5BD5496116ED636600ED7695 /* Sources */ = {
			isa = PBXSourcesBuildPhase;
			buildActionMask = 2147483647;
			files = (
				5BD5497516ED636600ED7695 /* main.m in Sources */,
				5BD5499B16ED6A0300ED7695 /* UIView+IAPAnimation.m in Sources */,
				5BD5497916ED636700ED7695 /* AppDelegate.m in Sources */,
				5BD5498216ED636700ED7695 /* ViewController.m in Sources */,
				5BD5499716ED65D000ED7695 /* IAPPlaybackSlider.m in Sources */,
				5B1CD1E416FBF34A00D7D81F /* UIKitCategories.m in Sources */,
				5B1CD1E716FCA8FF00D7D81F /* UIViewController+SeethroughModalView.m in Sources */,
				5B1CD1EA16FCAF0C00D7D81F /* UIImage+IAPImageTools.m in Sources */,
			);
			runOnlyForDeploymentPostprocessing = 0;
		};
/* End PBXSourcesBuildPhase section */

/* Begin PBXVariantGroup section */
		5BD5497116ED636600ED7695 /* InfoPlist.strings */ = {
			isa = PBXVariantGroup;
			children = (
				5BD5497216ED636600ED7695 /* en */,
			);
			name = InfoPlist.strings;
			sourceTree = "<group>";
		};
		5BD5498316ED636700ED7695 /* ViewController.xib */ = {
			isa = PBXVariantGroup;
			children = (
				5BD5498416ED636700ED7695 /* en */,
			);
			name = ViewController.xib;
			sourceTree = "<group>";
		};
/* End PBXVariantGroup section */

/* Begin XCBuildConfiguration section */
		5BD5498616ED636700ED7695 /* Debug */ = {
			isa = XCBuildConfiguration;
			buildSettings = {
				ALWAYS_SEARCH_USER_PATHS = NO;
				CLANG_CXX_LANGUAGE_STANDARD = "gnu++0x";
				CLANG_CXX_LIBRARY = "libc++";
				CLANG_ENABLE_OBJC_ARC = YES;
				CLANG_WARN_CONSTANT_CONVERSION = YES;
				CLANG_WARN_EMPTY_BODY = YES;
				CLANG_WARN_ENUM_CONVERSION = YES;
				CLANG_WARN_INT_CONVERSION = YES;
				CLANG_WARN__DUPLICATE_METHOD_MATCH = YES;
				"CODE_SIGN_IDENTITY[sdk=iphoneos*]" = "iPhone Developer";
				COPY_PHASE_STRIP = NO;
				GCC_C_LANGUAGE_STANDARD = gnu99;
				GCC_DYNAMIC_NO_PIC = NO;
				GCC_OPTIMIZATION_LEVEL = 0;
				GCC_PREPROCESSOR_DEFINITIONS = (
					"DEBUG=1",
					"$(inherited)",
				);
				GCC_SYMBOLS_PRIVATE_EXTERN = NO;
				GCC_WARN_ABOUT_RETURN_TYPE = YES;
				GCC_WARN_UNINITIALIZED_AUTOS = YES;
				GCC_WARN_UNUSED_VARIABLE = YES;
				IPHONEOS_DEPLOYMENT_TARGET = 6.1;
				ONLY_ACTIVE_ARCH = YES;
				SDKROOT = iphoneos;
			};
			name = Debug;
		};
		5BD5498716ED636700ED7695 /* Release */ = {
			isa = XCBuildConfiguration;
			buildSettings = {
				ALWAYS_SEARCH_USER_PATHS = NO;
				CLANG_CXX_LANGUAGE_STANDARD = "gnu++0x";
				CLANG_CXX_LIBRARY = "libc++";
				CLANG_ENABLE_OBJC_ARC = YES;
				CLANG_WARN_CONSTANT_CONVERSION = YES;
				CLANG_WARN_EMPTY_BODY = YES;
				CLANG_WARN_ENUM_CONVERSION = YES;
				CLANG_WARN_INT_CONVERSION = YES;
				CLANG_WARN__DUPLICATE_METHOD_MATCH = YES;
				"CODE_SIGN_IDENTITY[sdk=iphoneos*]" = "iPhone Developer";
				COPY_PHASE_STRIP = YES;
				GCC_C_LANGUAGE_STANDARD = gnu99;
				GCC_WARN_ABOUT_RETURN_TYPE = YES;
				GCC_WARN_UNINITIALIZED_AUTOS = YES;
				GCC_WARN_UNUSED_VARIABLE = YES;
				IPHONEOS_DEPLOYMENT_TARGET = 6.1;
				OTHER_CFLAGS = "-DNS_BLOCK_ASSERTIONS=1";
				SDKROOT = iphoneos;
				VALIDATE_PRODUCT = YES;
			};
			name = Release;
		};
		5BD5498916ED636700ED7695 /* Debug */ = {
			isa = XCBuildConfiguration;
			buildSettings = {
				GCC_PRECOMPILE_PREFIX_HEADER = YES;
				GCC_PREFIX_HEADER = "IAPPlaybackAnimatedSlider/IAPPlaybackAnimatedSlider-Prefix.pch";
				INFOPLIST_FILE = "IAPPlaybackAnimatedSlider/IAPPlaybackAnimatedSlider-Info.plist";
				PRODUCT_NAME = "$(TARGET_NAME)";
				WRAPPER_EXTENSION = app;
			};
			name = Debug;
		};
		5BD5498A16ED636700ED7695 /* Release */ = {
			isa = XCBuildConfiguration;
			buildSettings = {
				GCC_PRECOMPILE_PREFIX_HEADER = YES;
				GCC_PREFIX_HEADER = "IAPPlaybackAnimatedSlider/IAPPlaybackAnimatedSlider-Prefix.pch";
				INFOPLIST_FILE = "IAPPlaybackAnimatedSlider/IAPPlaybackAnimatedSlider-Info.plist";
				PRODUCT_NAME = "$(TARGET_NAME)";
				WRAPPER_EXTENSION = app;
			};
			name = Release;
		};
/* End XCBuildConfiguration section */

/* Begin XCConfigurationList section */
		5BD5496016ED636600ED7695 /* Build configuration list for PBXProject "IAPPlaybackAnimatedSlider" */ = {
			isa = XCConfigurationList;
			buildConfigurations = (
				5BD5498616ED636700ED7695 /* Debug */,
				5BD5498716ED636700ED7695 /* Release */,
			);
			defaultConfigurationIsVisible = 0;
			defaultConfigurationName = Release;
		};
		5BD5498816ED636700ED7695 /* Build configuration list for PBXNativeTarget "IAPPlaybackAnimatedSlider" */ = {
			isa = XCConfigurationList;
			buildConfigurations = (
				5BD5498916ED636700ED7695 /* Debug */,
				5BD5498A16ED636700ED7695 /* Release */,
			);
			defaultConfigurationIsVisible = 0;
			defaultConfigurationName = Release;
		};
/* End XCConfigurationList section */
	};
	rootObject = 5BD5495D16ED636600ED7695 /* Project object */;
}
